// !$*UTF8*$!
{
	archiveVersion = 1;
	classes = {
	};
	objectVersion = 46;
	objects = {

/* Begin PBXBuildFile section */
		3701B41C19BF1D97004F1955 /* Foundation.framework in Frameworks */ = {isa = PBXBuildFile; fileRef = 3701B41B19BF1D97004F1955 /* Foundation.framework */; };
		3701B41E19BF1D97004F1955 /* CoreGraphics.framework in Frameworks */ = {isa = PBXBuildFile; fileRef = 3701B41D19BF1D97004F1955 /* CoreGraphics.framework */; };
		3701B42019BF1D97004F1955 /* UIKit.framework in Frameworks */ = {isa = PBXBuildFile; fileRef = 3701B41F19BF1D97004F1955 /* UIKit.framework */; };
		3701B42619BF1D97004F1955 /* InfoPlist.strings in Resources */ = {isa = PBXBuildFile; fileRef = 3701B42419BF1D97004F1955 /* InfoPlist.strings */; };
		3701B42819BF1D97004F1955 /* main.m in Sources */ = {isa = PBXBuildFile; fileRef = 3701B42719BF1D97004F1955 /* main.m */; };
		3701B42C19BF1D97004F1955 /* AppDelegate.m in Sources */ = {isa = PBXBuildFile; fileRef = 3701B42B19BF1D97004F1955 /* AppDelegate.m */; };
		3701B43419BF1D97004F1955 /* Images.xcassets in Resources */ = {isa = PBXBuildFile; fileRef = 3701B43319BF1D97004F1955 /* Images.xcassets */; };
		3701B43B19BF1D97004F1955 /* XCTest.framework in Frameworks */ = {isa = PBXBuildFile; fileRef = 3701B43A19BF1D97004F1955 /* XCTest.framework */; };
		3701B43C19BF1D97004F1955 /* Foundation.framework in Frameworks */ = {isa = PBXBuildFile; fileRef = 3701B41B19BF1D97004F1955 /* Foundation.framework */; };
		3701B43D19BF1D97004F1955 /* UIKit.framework in Frameworks */ = {isa = PBXBuildFile; fileRef = 3701B41F19BF1D97004F1955 /* UIKit.framework */; };
		3701B44519BF1D97004F1955 /* InfoPlist.strings in Resources */ = {isa = PBXBuildFile; fileRef = 3701B44319BF1D97004F1955 /* InfoPlist.strings */; };
		3701B44719BF1D97004F1955 /* kjfhTests.m in Sources */ = {isa = PBXBuildFile; fileRef = 3701B44619BF1D97004F1955 /* kjfhTests.m */; };
		3706B4EE19CE8501000647FA /* MASCompositeConstraint.m in Sources */ = {isa = PBXBuildFile; fileRef = 3706B4D819CE8501000647FA /* MASCompositeConstraint.m */; };
		3706B4EF19CE8501000647FA /* MASConstraint.m in Sources */ = {isa = PBXBuildFile; fileRef = 3706B4DB19CE8501000647FA /* MASConstraint.m */; };
		3706B4F019CE8501000647FA /* MASConstraintMaker.m in Sources */ = {isa = PBXBuildFile; fileRef = 3706B4DD19CE8501000647FA /* MASConstraintMaker.m */; };
		3706B4F119CE8501000647FA /* MASLayoutConstraint.m in Sources */ = {isa = PBXBuildFile; fileRef = 3706B4DF19CE8501000647FA /* MASLayoutConstraint.m */; };
		3706B4F219CE8501000647FA /* MASViewAttribute.m in Sources */ = {isa = PBXBuildFile; fileRef = 3706B4E319CE8501000647FA /* MASViewAttribute.m */; };
		3706B4F319CE8501000647FA /* MASViewConstraint.m in Sources */ = {isa = PBXBuildFile; fileRef = 3706B4E519CE8501000647FA /* MASViewConstraint.m */; };
		3706B4F419CE8501000647FA /* NSArray+MASAdditions.m in Sources */ = {isa = PBXBuildFile; fileRef = 3706B4E719CE8501000647FA /* NSArray+MASAdditions.m */; };
		3706B4F519CE8501000647FA /* NSLayoutConstraint+MASDebugAdditions.m in Sources */ = {isa = PBXBuildFile; fileRef = 3706B4EA19CE8501000647FA /* NSLayoutConstraint+MASDebugAdditions.m */; };
		3706B4F619CE8501000647FA /* View+MASAdditions.m in Sources */ = {isa = PBXBuildFile; fileRef = 3706B4EC19CE8501000647FA /* View+MASAdditions.m */; };
		3706B4F819CE853B000647FA /* QuartzCore.framework in Frameworks */ = {isa = PBXBuildFile; fileRef = 3706B4F719CE853B000647FA /* QuartzCore.framework */; };
		3707101119CB1CCF00D8CD7B /* UIImage+XCarExtend.m in Sources */ = {isa = PBXBuildFile; fileRef = 3707101019CB1CCF00D8CD7B /* UIImage+XCarExtend.m */; };
		376652DA19BF217C0038419C /* MMDrawerBarButtonItem.m in Sources */ = {isa = PBXBuildFile; fileRef = 376652D219BF217C0038419C /* MMDrawerBarButtonItem.m */; };
		376652DB19BF217C0038419C /* MMDrawerController.m in Sources */ = {isa = PBXBuildFile; fileRef = 376652D519BF217C0038419C /* MMDrawerController.m */; };
		376652DC19BF217C0038419C /* MMDrawerVisualState.m in Sources */ = {isa = PBXBuildFile; fileRef = 376652D719BF217C0038419C /* MMDrawerVisualState.m */; };
		376652DD19BF217C0038419C /* UIViewController+MMDrawerController.m in Sources */ = {isa = PBXBuildFile; fileRef = 376652D919BF217C0038419C /* UIViewController+MMDrawerController.m */; };
		376652F419BF225C0038419C /* HomeViewController.m in Sources */ = {isa = PBXBuildFile; fileRef = 376652F319BF225C0038419C /* HomeViewController.m */; };
		376652FC19BF22860038419C /* LeftViewController.m in Sources */ = {isa = PBXBuildFile; fileRef = 376652FB19BF22860038419C /* LeftViewController.m */; };
		3766533519BF262F0038419C /* +号.png in Resources */ = {isa = PBXBuildFile; fileRef = 376652FF19BF262F0038419C /* +号.png */; };
		3766533619BF262F0038419C /* 对号.png in Resources */ = {isa = PBXBuildFile; fileRef = 3766530019BF262F0038419C /* 对号.png */; };
		3766533719BF262F0038419C /* 发送.png in Resources */ = {isa = PBXBuildFile; fileRef = 3766530119BF262F0038419C /* 发送.png */; };
		3766533819BF262F0038419C /* 发展动态.png in Resources */ = {isa = PBXBuildFile; fileRef = 3766530219BF262F0038419C /* 发展动态.png */; };
		3766533919BF262F0038419C /* 返回.png in Resources */ = {isa = PBXBuildFile; fileRef = 3766530319BF262F0038419C /* 返回.png */; };
		3766533A19BF262F0038419C /* 返回白色.png in Resources */ = {isa = PBXBuildFile; fileRef = 3766530419BF262F0038419C /* 返回白色.png */; };
		3766533B19BF262F0038419C /* 分享.png in Resources */ = {isa = PBXBuildFile; fileRef = 3766530519BF262F0038419C /* 分享.png */; };
		3766533C19BF262F0038419C /* 分享按钮.png in Resources */ = {isa = PBXBuildFile; fileRef = 3766530619BF262F0038419C /* 分享按钮.png */; };
		3766533D19BF262F0038419C /* 服务.png in Resources */ = {isa = PBXBuildFile; fileRef = 3766530719BF262F0038419C /* 服务.png */; };
		3766533E19BF262F0038419C /* 更多平台.png in Resources */ = {isa = PBXBuildFile; fileRef = 3766530819BF262F0038419C /* 更多平台.png */; };
		3766533F19BF262F0038419C /* 红色.png in Resources */ = {isa = PBXBuildFile; fileRef = 3766530919BF262F0038419C /* 红色.png */; };
		3766534019BF262F0038419C /* 黄色.png in Resources */ = {isa = PBXBuildFile; fileRef = 3766530A19BF262F0038419C /* 黄色.png */; };
		3766534119BF262F0038419C /* 角标.png in Resources */ = {isa = PBXBuildFile; fileRef = 3766530B19BF262F0038419C /* 角标.png */; };
		3766534219BF262F0038419C /* 金融服务.png in Resources */ = {isa = PBXBuildFile; fileRef = 3766530C19BF262F0038419C /* 金融服务.png */; };
		3766534319BF262F0038419C /* 流程.png in Resources */ = {isa = PBXBuildFile; fileRef = 3766530D19BF262F0038419C /* 流程.png */; };
		3766534419BF262F0038419C /* 绿色.png in Resources */ = {isa = PBXBuildFile; fileRef = 3766530E19BF262F0038419C /* 绿色.png */; };
		3766534519BF262F0038419C /* 启动页.jpg in Resources */ = {isa = PBXBuildFile; fileRef = 3766530F19BF262F0038419C /* 启动页.jpg */; };
		3766534619BF262F0038419C /* set@2x.png in Resources */ = {isa = PBXBuildFile; fileRef = 3766531019BF262F0038419C /* set@2x.png */; };
		3766534719BF262F0038419C /* set_btn@2x.png in Resources */ = {isa = PBXBuildFile; fileRef = 3766531119BF262F0038419C /* set_btn@2x.png */; };
		3766534819BF262F0038419C /* 设置背景.9.png in Resources */ = {isa = PBXBuildFile; fileRef = 3766531219BF262F0038419C /* 设置背景.9.png */; };
		3766534919BF262F0038419C /* fav@2x.png in Resources */ = {isa = PBXBuildFile; fileRef = 3766531319BF262F0038419C /* fav@2x.png */; };
		3766534A19BF262F0038419C /* 收藏白色.png in Resources */ = {isa = PBXBuildFile; fileRef = 3766531419BF262F0038419C /* 收藏白色.png */; };
		3766534B19BF262F0038419C /* 收藏内文.png in Resources */ = {isa = PBXBuildFile; fileRef = 3766531519BF262F0038419C /* 收藏内文.png */; };
		3766534C19BF262F0038419C /* home@2x.png in Resources */ = {isa = PBXBuildFile; fileRef = 3766531619BF262F0038419C /* home@2x.png */; };
		3766534D19BF262F0038419C /* 首页layout_03.jpg in Resources */ = {isa = PBXBuildFile; fileRef = 3766531719BF262F0038419C /* 首页layout_03.jpg */; };
		3766534E19BF262F0038419C /* 书架1PX.png in Resources */ = {isa = PBXBuildFile; fileRef = 3766531819BF262F0038419C /* 书架1PX.png */; };
		3766534F19BF262F0038419C /* 图片icon.png in Resources */ = {isa = PBXBuildFile; fileRef = 3766531919BF262F0038419C /* 图片icon.png */; };
		3766535019BF262F0038419C /* 微信.png in Resources */ = {isa = PBXBuildFile; fileRef = 3766531A19BF262F0038419C /* 微信.png */; };
		3766535119BF262F0038419C /* 写给你_02.jpg in Resources */ = {isa = PBXBuildFile; fileRef = 3766531B19BF262F0038419C /* 写给你_02.jpg */; };
		3766535219BF262F0038419C /* 新浪微博.png in Resources */ = {isa = PBXBuildFile; fileRef = 3766531C19BF262F0038419C /* 新浪微博.png */; };
		3766535319BF262F0038419C /* 新闻背景.9.png in Resources */ = {isa = PBXBuildFile; fileRef = 3766531D19BF262F0038419C /* 新闻背景.9.png */; };
		3766535419BF262F0038419C /* 新闻icon.png in Resources */ = {isa = PBXBuildFile; fileRef = 3766531E19BF262F0038419C /* 新闻icon.png */; };
		3766535519BF262F0038419C /* 意见反馈.png in Resources */ = {isa = PBXBuildFile; fileRef = 3766531F19BF262F0038419C /* 意见反馈.png */; };
		3766535619BF262F0038419C /* 印象笔记.png in Resources */ = {isa = PBXBuildFile; fileRef = 3766532019BF262F0038419C /* 印象笔记.png */; };
		3766535719BF262F0038419C /* application@2x.png in Resources */ = {isa = PBXBuildFile; fileRef = 3766532119BF262F0038419C /* application@2x.png */; };
		3766535819BF262F0038419C /* 邮箱.png in Resources */ = {isa = PBXBuildFile; fileRef = 3766532219BF262F0038419C /* 邮箱.png */; };
		3766535919BF262F0038419C /* 政策.png in Resources */ = {isa = PBXBuildFile; fileRef = 3766532319BF262F0038419C /* 政策.png */; };
		3766535A19BF262F0038419C /* 指南.png in Resources */ = {isa = PBXBuildFile; fileRef = 3766532419BF262F0038419C /* 指南.png */; };
		3766535B19BF262F0038419C /* 重点企业.9.png in Resources */ = {isa = PBXBuildFile; fileRef = 3766532519BF262F0038419C /* 重点企业.9.png */; };
		3766535C19BF262F0038419C /* qiye@2x.png in Resources */ = {isa = PBXBuildFile; fileRef = 3766532619BF262F0038419C /* qiye@2x.png */; };
		3766535D19BF262F0038419C /* 资金申请.png in Resources */ = {isa = PBXBuildFile; fileRef = 3766532719BF262F0038419C /* 资金申请.png */; };
		3766535E19BF262F0038419C /* 紫色.png in Resources */ = {isa = PBXBuildFile; fileRef = 3766532819BF262F0038419C /* 紫色.png */; };
		3766535F19BF262F0038419C /* hot.png in Resources */ = {isa = PBXBuildFile; fileRef = 3766532919BF262F0038419C /* hot.png */; };
		3766536019BF262F0038419C /* NEWS_03.jpg in Resources */ = {isa = PBXBuildFile; fileRef = 3766532A19BF262F0038419C /* NEWS_03.jpg */; };
		3766536119BF262F0038419C /* NEWS_06.jpg in Resources */ = {isa = PBXBuildFile; fileRef = 3766532B19BF262F0038419C /* NEWS_06.jpg */; };
		3766536219BF262F0038419C /* NEWS_08.jpg in Resources */ = {isa = PBXBuildFile; fileRef = 3766532C19BF262F0038419C /* NEWS_08.jpg */; };
		3766536319BF262F0038419C /* part.png in Resources */ = {isa = PBXBuildFile; fileRef = 3766532D19BF262F0038419C /* part.png */; };
		3766536419BF262F0038419C /* part红色.png in Resources */ = {isa = PBXBuildFile; fileRef = 3766532E19BF262F0038419C /* part红色.png */; };
		3766536519BF262F0038419C /* part黄色.png in Resources */ = {isa = PBXBuildFile; fileRef = 3766532F19BF262F0038419C /* part黄色.png */; };
		3766536619BF262F0038419C /* part绿色.png in Resources */ = {isa = PBXBuildFile; fileRef = 3766533019BF262F0038419C /* part绿色.png */; };
		3766536719BF262F0038419C /* part紫色.png in Resources */ = {isa = PBXBuildFile; fileRef = 3766533119BF262F0038419C /* part紫色.png */; };
		3766536819BF262F0038419C /* qq.png in Resources */ = {isa = PBXBuildFile; fileRef = 3766533219BF262F0038419C /* qq.png */; };
		3766536919BF262F0038419C /* zhanwei.png in Resources */ = {isa = PBXBuildFile; fileRef = 3766533319BF262F0038419C /* zhanwei.png */; };
		3766536A19BF262F0038419C /* zhanweifu.png in Resources */ = {isa = PBXBuildFile; fileRef = 3766533419BF262F0038419C /* zhanweifu.png */; };
		3766536D19BF2A4F0038419C /* LeftViewCell.m in Sources */ = {isa = PBXBuildFile; fileRef = 3766536C19BF2A4F0038419C /* LeftViewCell.m */; };
		3766537019BF38D60038419C /* FavrateViewController.m in Sources */ = {isa = PBXBuildFile; fileRef = 3766536F19BF38D60038419C /* FavrateViewController.m */; };
		3766537319BF38E50038419C /* SetViewController.m in Sources */ = {isa = PBXBuildFile; fileRef = 3766537219BF38E50038419C /* SetViewController.m */; };
		3766537619BF38FC0038419C /* TuijianViewController.m in Sources */ = {isa = PBXBuildFile; fileRef = 3766537519BF38FC0038419C /* TuijianViewController.m */; };
/* End PBXBuildFile section */

/* Begin PBXContainerItemProxy section */
		3701B43E19BF1D97004F1955 /* PBXContainerItemProxy */ = {
			isa = PBXContainerItemProxy;
			containerPortal = 3701B41019BF1D97004F1955 /* Project object */;
			proxyType = 1;
			remoteGlobalIDString = 3701B41719BF1D97004F1955;
			remoteInfo = kjfh;
		};
/* End PBXContainerItemProxy section */

/* Begin PBXFileReference section */
		3701B41819BF1D97004F1955 /* kjfh.app */ = {isa = PBXFileReference; explicitFileType = wrapper.application; includeInIndex = 0; path = kjfh.app; sourceTree = BUILT_PRODUCTS_DIR; };
		3701B41B19BF1D97004F1955 /* Foundation.framework */ = {isa = PBXFileReference; lastKnownFileType = wrapper.framework; name = Foundation.framework; path = System/Library/Frameworks/Foundation.framework; sourceTree = SDKROOT; };
		3701B41D19BF1D97004F1955 /* CoreGraphics.framework */ = {isa = PBXFileReference; lastKnownFileType = wrapper.framework; name = CoreGraphics.framework; path = System/Library/Frameworks/CoreGraphics.framework; sourceTree = SDKROOT; };
		3701B41F19BF1D97004F1955 /* UIKit.framework */ = {isa = PBXFileReference; lastKnownFileType = wrapper.framework; name = UIKit.framework; path = System/Library/Frameworks/UIKit.framework; sourceTree = SDKROOT; };
		3701B42319BF1D97004F1955 /* kjfh-Info.plist */ = {isa = PBXFileReference; lastKnownFileType = text.plist.xml; path = "kjfh-Info.plist"; sourceTree = "<group>"; };
		3701B42519BF1D97004F1955 /* en */ = {isa = PBXFileReference; lastKnownFileType = text.plist.strings; name = en; path = en.lproj/InfoPlist.strings; sourceTree = "<group>"; };
		3701B42719BF1D97004F1955 /* main.m */ = {isa = PBXFileReference; lastKnownFileType = sourcecode.c.objc; path = main.m; sourceTree = "<group>"; };
		3701B42919BF1D97004F1955 /* kjfh-Prefix.pch */ = {isa = PBXFileReference; lastKnownFileType = sourcecode.c.h; path = "kjfh-Prefix.pch"; sourceTree = "<group>"; };
		3701B42A19BF1D97004F1955 /* AppDelegate.h */ = {isa = PBXFileReference; lastKnownFileType = sourcecode.c.h; path = AppDelegate.h; sourceTree = "<group>"; };
		3701B42B19BF1D97004F1955 /* AppDelegate.m */ = {isa = PBXFileReference; lastKnownFileType = sourcecode.c.objc; path = AppDelegate.m; sourceTree = "<group>"; };
		3701B43319BF1D97004F1955 /* Images.xcassets */ = {isa = PBXFileReference; lastKnownFileType = folder.assetcatalog; path = Images.xcassets; sourceTree = "<group>"; };
		3701B43919BF1D97004F1955 /* kjfhTests.xctest */ = {isa = PBXFileReference; explicitFileType = wrapper.cfbundle; includeInIndex = 0; path = kjfhTests.xctest; sourceTree = BUILT_PRODUCTS_DIR; };
		3701B43A19BF1D97004F1955 /* XCTest.framework */ = {isa = PBXFileReference; lastKnownFileType = wrapper.framework; name = XCTest.framework; path = Library/Frameworks/XCTest.framework; sourceTree = DEVELOPER_DIR; };
		3701B44219BF1D97004F1955 /* kjfhTests-Info.plist */ = {isa = PBXFileReference; lastKnownFileType = text.plist.xml; path = "kjfhTests-Info.plist"; sourceTree = "<group>"; };
		3701B44419BF1D97004F1955 /* en */ = {isa = PBXFileReference; lastKnownFileType = text.plist.strings; name = en; path = en.lproj/InfoPlist.strings; sourceTree = "<group>"; };
		3701B44619BF1D97004F1955 /* kjfhTests.m */ = {isa = PBXFileReference; lastKnownFileType = sourcecode.c.objc; path = kjfhTests.m; sourceTree = "<group>"; };
		3706B4D719CE8501000647FA /* MASCompositeConstraint.h */ = {isa = PBXFileReference; fileEncoding = 4; lastKnownFileType = sourcecode.c.h; path = MASCompositeConstraint.h; sourceTree = "<group>"; };
		3706B4D819CE8501000647FA /* MASCompositeConstraint.m */ = {isa = PBXFileReference; fileEncoding = 4; lastKnownFileType = sourcecode.c.objc; path = MASCompositeConstraint.m; sourceTree = "<group>"; };
		3706B4D919CE8501000647FA /* MASConstraint+Private.h */ = {isa = PBXFileReference; fileEncoding = 4; lastKnownFileType = sourcecode.c.h; path = "MASConstraint+Private.h"; sourceTree = "<group>"; };
		3706B4DA19CE8501000647FA /* MASConstraint.h */ = {isa = PBXFileReference; fileEncoding = 4; lastKnownFileType = sourcecode.c.h; path = MASConstraint.h; sourceTree = "<group>"; };
		3706B4DB19CE8501000647FA /* MASConstraint.m */ = {isa = PBXFileReference; fileEncoding = 4; lastKnownFileType = sourcecode.c.objc; path = MASConstraint.m; sourceTree = "<group>"; };
		3706B4DC19CE8501000647FA /* MASConstraintMaker.h */ = {isa = PBXFileReference; fileEncoding = 4; lastKnownFileType = sourcecode.c.h; path = MASConstraintMaker.h; sourceTree = "<group>"; };
		3706B4DD19CE8501000647FA /* MASConstraintMaker.m */ = {isa = PBXFileReference; fileEncoding = 4; lastKnownFileType = sourcecode.c.objc; path = MASConstraintMaker.m; sourceTree = "<group>"; };
		3706B4DE19CE8501000647FA /* MASLayoutConstraint.h */ = {isa = PBXFileReference; fileEncoding = 4; lastKnownFileType = sourcecode.c.h; path = MASLayoutConstraint.h; sourceTree = "<group>"; };
		3706B4DF19CE8501000647FA /* MASLayoutConstraint.m */ = {isa = PBXFileReference; fileEncoding = 4; lastKnownFileType = sourcecode.c.objc; path = MASLayoutConstraint.m; sourceTree = "<group>"; };
		3706B4E019CE8501000647FA /* Masonry.h */ = {isa = PBXFileReference; fileEncoding = 4; lastKnownFileType = sourcecode.c.h; path = Masonry.h; sourceTree = "<group>"; };
		3706B4E119CE8501000647FA /* MASUtilities.h */ = {isa = PBXFileReference; fileEncoding = 4; lastKnownFileType = sourcecode.c.h; path = MASUtilities.h; sourceTree = "<group>"; };
		3706B4E219CE8501000647FA /* MASViewAttribute.h */ = {isa = PBXFileReference; fileEncoding = 4; lastKnownFileType = sourcecode.c.h; path = MASViewAttribute.h; sourceTree = "<group>"; };
		3706B4E319CE8501000647FA /* MASViewAttribute.m */ = {isa = PBXFileReference; fileEncoding = 4; lastKnownFileType = sourcecode.c.objc; path = MASViewAttribute.m; sourceTree = "<group>"; };
		3706B4E419CE8501000647FA /* MASViewConstraint.h */ = {isa = PBXFileReference; fileEncoding = 4; lastKnownFileType = sourcecode.c.h; path = MASViewConstraint.h; sourceTree = "<group>"; };
		3706B4E519CE8501000647FA /* MASViewConstraint.m */ = {isa = PBXFileReference; fileEncoding = 4; lastKnownFileType = sourcecode.c.objc; path = MASViewConstraint.m; sourceTree = "<group>"; };
		3706B4E619CE8501000647FA /* NSArray+MASAdditions.h */ = {isa = PBXFileReference; fileEncoding = 4; lastKnownFileType = sourcecode.c.h; path = "NSArray+MASAdditions.h"; sourceTree = "<group>"; };
		3706B4E719CE8501000647FA /* NSArray+MASAdditions.m */ = {isa = PBXFileReference; fileEncoding = 4; lastKnownFileType = sourcecode.c.objc; path = "NSArray+MASAdditions.m"; sourceTree = "<group>"; };
		3706B4E819CE8501000647FA /* NSArray+MASShorthandAdditions.h */ = {isa = PBXFileReference; fileEncoding = 4; lastKnownFileType = sourcecode.c.h; path = "NSArray+MASShorthandAdditions.h"; sourceTree = "<group>"; };
		3706B4E919CE8501000647FA /* NSLayoutConstraint+MASDebugAdditions.h */ = {isa = PBXFileReference; fileEncoding = 4; lastKnownFileType = sourcecode.c.h; path = "NSLayoutConstraint+MASDebugAdditions.h"; sourceTree = "<group>"; };
		3706B4EA19CE8501000647FA /* NSLayoutConstraint+MASDebugAdditions.m */ = {isa = PBXFileReference; fileEncoding = 4; lastKnownFileType = sourcecode.c.objc; path = "NSLayoutConstraint+MASDebugAdditions.m"; sourceTree = "<group>"; };
		3706B4EB19CE8501000647FA /* View+MASAdditions.h */ = {isa = PBXFileReference; fileEncoding = 4; lastKnownFileType = sourcecode.c.h; path = "View+MASAdditions.h"; sourceTree = "<group>"; };
		3706B4EC19CE8501000647FA /* View+MASAdditions.m */ = {isa = PBXFileReference; fileEncoding = 4; lastKnownFileType = sourcecode.c.objc; path = "View+MASAdditions.m"; sourceTree = "<group>"; };
		3706B4ED19CE8501000647FA /* View+MASShorthandAdditions.h */ = {isa = PBXFileReference; fileEncoding = 4; lastKnownFileType = sourcecode.c.h; path = "View+MASShorthandAdditions.h"; sourceTree = "<group>"; };
		3706B4F719CE853B000647FA /* QuartzCore.framework */ = {isa = PBXFileReference; lastKnownFileType = wrapper.framework; name = QuartzCore.framework; path = System/Library/Frameworks/QuartzCore.framework; sourceTree = SDKROOT; };
		3707100D19CB1BAE00D8CD7B /* CoreImage.framework */ = {isa = PBXFileReference; lastKnownFileType = wrapper.framework; name = CoreImage.framework; path = System/Library/Frameworks/CoreImage.framework; sourceTree = SDKROOT; };
		3707100F19CB1CCF00D8CD7B /* UIImage+XCarExtend.h */ = {isa = PBXFileReference; fileEncoding = 4; lastKnownFileType = sourcecode.c.h; path = "UIImage+XCarExtend.h"; sourceTree = "<group>"; };
		3707101019CB1CCF00D8CD7B /* UIImage+XCarExtend.m */ = {isa = PBXFileReference; fileEncoding = 4; lastKnownFileType = sourcecode.c.objc; path = "UIImage+XCarExtend.m"; sourceTree = "<group>"; };
		376652D119BF217C0038419C /* MMDrawerBarButtonItem.h */ = {isa = PBXFileReference; fileEncoding = 4; lastKnownFileType = sourcecode.c.h; path = MMDrawerBarButtonItem.h; sourceTree = "<group>"; };
		376652D219BF217C0038419C /* MMDrawerBarButtonItem.m */ = {isa = PBXFileReference; fileEncoding = 4; lastKnownFileType = sourcecode.c.objc; path = MMDrawerBarButtonItem.m; sourceTree = "<group>"; };
		376652D319BF217C0038419C /* MMDrawerController+Subclass.h */ = {isa = PBXFileReference; fileEncoding = 4; lastKnownFileType = sourcecode.c.h; path = "MMDrawerController+Subclass.h"; sourceTree = "<group>"; };
		376652D419BF217C0038419C /* MMDrawerController.h */ = {isa = PBXFileReference; fileEncoding = 4; lastKnownFileType = sourcecode.c.h; path = MMDrawerController.h; sourceTree = "<group>"; };
		376652D519BF217C0038419C /* MMDrawerController.m */ = {isa = PBXFileReference; fileEncoding = 4; lastKnownFileType = sourcecode.c.objc; path = MMDrawerController.m; sourceTree = "<group>"; };
		376652D619BF217C0038419C /* MMDrawerVisualState.h */ = {isa = PBXFileReference; fileEncoding = 4; lastKnownFileType = sourcecode.c.h; path = MMDrawerVisualState.h; sourceTree = "<group>"; };
		376652D719BF217C0038419C /* MMDrawerVisualState.m */ = {isa = PBXFileReference; fileEncoding = 4; lastKnownFileType = sourcecode.c.objc; path = MMDrawerVisualState.m; sourceTree = "<group>"; };
		376652D819BF217C0038419C /* UIViewController+MMDrawerController.h */ = {isa = PBXFileReference; fileEncoding = 4; lastKnownFileType = sourcecode.c.h; path = "UIViewController+MMDrawerController.h"; sourceTree = "<group>"; };
		376652D919BF217C0038419C /* UIViewController+MMDrawerController.m */ = {isa = PBXFileReference; fileEncoding = 4; lastKnownFileType = sourcecode.c.objc; path = "UIViewController+MMDrawerController.m"; sourceTree = "<group>"; };
		376652F219BF225C0038419C /* HomeViewController.h */ = {isa = PBXFileReference; fileEncoding = 4; lastKnownFileType = sourcecode.c.h; path = HomeViewController.h; sourceTree = "<group>"; };
		376652F319BF225C0038419C /* HomeViewController.m */ = {isa = PBXFileReference; fileEncoding = 4; lastKnownFileType = sourcecode.c.objc; path = HomeViewController.m; sourceTree = "<group>"; };
		376652F819BF227F0038419C /* Comment.h */ = {isa = PBXFileReference; fileEncoding = 4; lastKnownFileType = sourcecode.c.h; path = Comment.h; sourceTree = "<group>"; };
		376652FA19BF22860038419C /* LeftViewController.h */ = {isa = PBXFileReference; fileEncoding = 4; lastKnownFileType = sourcecode.c.h; path = LeftViewController.h; sourceTree = "<group>"; };
		376652FB19BF22860038419C /* LeftViewController.m */ = {isa = PBXFileReference; fileEncoding = 4; lastKnownFileType = sourcecode.c.objc; path = LeftViewController.m; sourceTree = "<group>"; };
		376652FF19BF262F0038419C /* +号.png */ = {isa = PBXFileReference; lastKnownFileType = image.png; path = "+号.png"; sourceTree = "<group>"; };
		3766530019BF262F0038419C /* 对号.png */ = {isa = PBXFileReference; lastKnownFileType = image.png; path = "对号.png"; sourceTree = "<group>"; };
		3766530119BF262F0038419C /* 发送.png */ = {isa = PBXFileReference; lastKnownFileType = image.png; path = "发送.png"; sourceTree = "<group>"; };
		3766530219BF262F0038419C /* 发展动态.png */ = {isa = PBXFileReference; lastKnownFileType = image.png; path = "发展动态.png"; sourceTree = "<group>"; };
		3766530319BF262F0038419C /* 返回.png */ = {isa = PBXFileReference; lastKnownFileType = image.png; path = "返回.png"; sourceTree = "<group>"; };
		3766530419BF262F0038419C /* 返回白色.png */ = {isa = PBXFileReference; lastKnownFileType = image.png; path = "返回白色.png"; sourceTree = "<group>"; };
		3766530519BF262F0038419C /* 分享.png */ = {isa = PBXFileReference; lastKnownFileType = image.png; path = "分享.png"; sourceTree = "<group>"; };
		3766530619BF262F0038419C /* 分享按钮.png */ = {isa = PBXFileReference; lastKnownFileType = image.png; path = "分享按钮.png"; sourceTree = "<group>"; };
		3766530719BF262F0038419C /* 服务.png */ = {isa = PBXFileReference; lastKnownFileType = image.png; path = "服务.png"; sourceTree = "<group>"; };
		3766530819BF262F0038419C /* 更多平台.png */ = {isa = PBXFileReference; lastKnownFileType = image.png; path = "更多平台.png"; sourceTree = "<group>"; };
		3766530919BF262F0038419C /* 红色.png */ = {isa = PBXFileReference; lastKnownFileType = image.png; path = "红色.png"; sourceTree = "<group>"; };
		3766530A19BF262F0038419C /* 黄色.png */ = {isa = PBXFileReference; lastKnownFileType = image.png; path = "黄色.png"; sourceTree = "<group>"; };
		3766530B19BF262F0038419C /* 角标.png */ = {isa = PBXFileReference; lastKnownFileType = image.png; path = "角标.png"; sourceTree = "<group>"; };
		3766530C19BF262F0038419C /* 金融服务.png */ = {isa = PBXFileReference; lastKnownFileType = image.png; path = "金融服务.png"; sourceTree = "<group>"; };
		3766530D19BF262F0038419C /* 流程.png */ = {isa = PBXFileReference; lastKnownFileType = image.png; path = "流程.png"; sourceTree = "<group>"; };
		3766530E19BF262F0038419C /* 绿色.png */ = {isa = PBXFileReference; lastKnownFileType = image.png; path = "绿色.png"; sourceTree = "<group>"; };
		3766530F19BF262F0038419C /* 启动页.jpg */ = {isa = PBXFileReference; lastKnownFileType = image.jpeg; path = "启动页.jpg"; sourceTree = "<group>"; };
		3766531019BF262F0038419C /* set@2x.png */ = {isa = PBXFileReference; lastKnownFileType = image.png; path = "set@2x.png"; sourceTree = "<group>"; };
		3766531119BF262F0038419C /* set_btn@2x.png */ = {isa = PBXFileReference; lastKnownFileType = image.png; path = "set_btn@2x.png"; sourceTree = "<group>"; };
		3766531219BF262F0038419C /* 设置背景.9.png */ = {isa = PBXFileReference; lastKnownFileType = image.png; path = "设置背景.9.png"; sourceTree = "<group>"; };
		3766531319BF262F0038419C /* fav@2x.png */ = {isa = PBXFileReference; lastKnownFileType = image.png; path = "fav@2x.png"; sourceTree = "<group>"; };
		3766531419BF262F0038419C /* 收藏白色.png */ = {isa = PBXFileReference; lastKnownFileType = image.png; path = "收藏白色.png"; sourceTree = "<group>"; };
		3766531519BF262F0038419C /* 收藏内文.png */ = {isa = PBXFileReference; lastKnownFileType = image.png; path = "收藏内文.png"; sourceTree = "<group>"; };
		3766531619BF262F0038419C /* home@2x.png */ = {isa = PBXFileReference; lastKnownFileType = image.png; path = "home@2x.png"; sourceTree = "<group>"; };
		3766531719BF262F0038419C /* 首页layout_03.jpg */ = {isa = PBXFileReference; lastKnownFileType = image.jpeg; path = "首页layout_03.jpg"; sourceTree = "<group>"; };
		3766531819BF262F0038419C /* 书架1PX.png */ = {isa = PBXFileReference; lastKnownFileType = image.png; path = "书架1PX.png"; sourceTree = "<group>"; };
		3766531919BF262F0038419C /* 图片icon.png */ = {isa = PBXFileReference; lastKnownFileType = image.png; path = "图片icon.png"; sourceTree = "<group>"; };
		3766531A19BF262F0038419C /* 微信.png */ = {isa = PBXFileReference; lastKnownFileType = image.png; path = "微信.png"; sourceTree = "<group>"; };
		3766531B19BF262F0038419C /* 写给你_02.jpg */ = {isa = PBXFileReference; lastKnownFileType = image.jpeg; path = "写给你_02.jpg"; sourceTree = "<group>"; };
		3766531C19BF262F0038419C /* 新浪微博.png */ = {isa = PBXFileReference; lastKnownFileType = image.png; path = "新浪微博.png"; sourceTree = "<group>"; };
		3766531D19BF262F0038419C /* 新闻背景.9.png */ = {isa = PBXFileReference; lastKnownFileType = image.png; path = "新闻背景.9.png"; sourceTree = "<group>"; };
		3766531E19BF262F0038419C /* 新闻icon.png */ = {isa = PBXFileReference; lastKnownFileType = image.png; path = "新闻icon.png"; sourceTree = "<group>"; };
		3766531F19BF262F0038419C /* 意见反馈.png */ = {isa = PBXFileReference; lastKnownFileType = image.png; path = "意见反馈.png"; sourceTree = "<group>"; };
		3766532019BF262F0038419C /* 印象笔记.png */ = {isa = PBXFileReference; lastKnownFileType = image.png; path = "印象笔记.png"; sourceTree = "<group>"; };
		3766532119BF262F0038419C /* application@2x.png */ = {isa = PBXFileReference; lastKnownFileType = image.png; path = "application@2x.png"; sourceTree = "<group>"; };
		3766532219BF262F0038419C /* 邮箱.png */ = {isa = PBXFileReference; lastKnownFileType = image.png; path = "邮箱.png"; sourceTree = "<group>"; };
		3766532319BF262F0038419C /* 政策.png */ = {isa = PBXFileReference; lastKnownFileType = image.png; path = "政策.png"; sourceTree = "<group>"; };
		3766532419BF262F0038419C /* 指南.png */ = {isa = PBXFileReference; lastKnownFileType = image.png; path = "指南.png"; sourceTree = "<group>"; };
		3766532519BF262F0038419C /* 重点企业.9.png */ = {isa = PBXFileReference; lastKnownFileType = image.png; path = "重点企业.9.png"; sourceTree = "<group>"; };
		3766532619BF262F0038419C /* qiye@2x.png */ = {isa = PBXFileReference; lastKnownFileType = image.png; path = "qiye@2x.png"; sourceTree = "<group>"; };
		3766532719BF262F0038419C /* 资金申请.png */ = {isa = PBXFileReference; lastKnownFileType = image.png; path = "资金申请.png"; sourceTree = "<group>"; };
		3766532819BF262F0038419C /* 紫色.png */ = {isa = PBXFileReference; lastKnownFileType = image.png; path = "紫色.png"; sourceTree = "<group>"; };
		3766532919BF262F0038419C /* hot.png */ = {isa = PBXFileReference; lastKnownFileType = image.png; path = hot.png; sourceTree = "<group>"; };
		3766532A19BF262F0038419C /* NEWS_03.jpg */ = {isa = PBXFileReference; lastKnownFileType = image.jpeg; path = NEWS_03.jpg; sourceTree = "<group>"; };
		3766532B19BF262F0038419C /* NEWS_06.jpg */ = {isa = PBXFileReference; lastKnownFileType = image.jpeg; path = NEWS_06.jpg; sourceTree = "<group>"; };
		3766532C19BF262F0038419C /* NEWS_08.jpg */ = {isa = PBXFileReference; lastKnownFileType = image.jpeg; path = NEWS_08.jpg; sourceTree = "<group>"; };
		3766532D19BF262F0038419C /* part.png */ = {isa = PBXFileReference; lastKnownFileType = image.png; path = part.png; sourceTree = "<group>"; };
		3766532E19BF262F0038419C /* part红色.png */ = {isa = PBXFileReference; lastKnownFileType = image.png; path = "part红色.png"; sourceTree = "<group>"; };
		3766532F19BF262F0038419C /* part黄色.png */ = {isa = PBXFileReference; lastKnownFileType = image.png; path = "part黄色.png"; sourceTree = "<group>"; };
		3766533019BF262F0038419C /* part绿色.png */ = {isa = PBXFileReference; lastKnownFileType = image.png; path = "part绿色.png"; sourceTree = "<group>"; };
		3766533119BF262F0038419C /* part紫色.png */ = {isa = PBXFileReference; lastKnownFileType = image.png; path = "part紫色.png"; sourceTree = "<group>"; };
		3766533219BF262F0038419C /* qq.png */ = {isa = PBXFileReference; lastKnownFileType = image.png; path = qq.png; sourceTree = "<group>"; };
		3766533319BF262F0038419C /* zhanwei.png */ = {isa = PBXFileReference; lastKnownFileType = image.png; path = zhanwei.png; sourceTree = "<group>"; };
		3766533419BF262F0038419C /* zhanweifu.png */ = {isa = PBXFileReference; lastKnownFileType = image.png; path = zhanweifu.png; sourceTree = "<group>"; };
		3766536B19BF2A4F0038419C /* LeftViewCell.h */ = {isa = PBXFileReference; fileEncoding = 4; lastKnownFileType = sourcecode.c.h; path = LeftViewCell.h; sourceTree = "<group>"; };
		3766536C19BF2A4F0038419C /* LeftViewCell.m */ = {isa = PBXFileReference; fileEncoding = 4; lastKnownFileType = sourcecode.c.objc; path = LeftViewCell.m; sourceTree = "<group>"; };
		3766536E19BF38D60038419C /* FavrateViewController.h */ = {isa = PBXFileReference; fileEncoding = 4; lastKnownFileType = sourcecode.c.h; path = FavrateViewController.h; sourceTree = "<group>"; };
		3766536F19BF38D60038419C /* FavrateViewController.m */ = {isa = PBXFileReference; fileEncoding = 4; lastKnownFileType = sourcecode.c.objc; path = FavrateViewController.m; sourceTree = "<group>"; };
		3766537119BF38E50038419C /* SetViewController.h */ = {isa = PBXFileReference; fileEncoding = 4; lastKnownFileType = sourcecode.c.h; path = SetViewController.h; sourceTree = "<group>"; };
		3766537219BF38E50038419C /* SetViewController.m */ = {isa = PBXFileReference; fileEncoding = 4; lastKnownFileType = sourcecode.c.objc; path = SetViewController.m; sourceTree = "<group>"; };
		3766537419BF38FC0038419C /* TuijianViewController.h */ = {isa = PBXFileReference; fileEncoding = 4; lastKnownFileType = sourcecode.c.h; path = TuijianViewController.h; sourceTree = "<group>"; };
		3766537519BF38FC0038419C /* TuijianViewController.m */ = {isa = PBXFileReference; fileEncoding = 4; lastKnownFileType = sourcecode.c.objc; path = TuijianViewController.m; sourceTree = "<group>"; };
/* End PBXFileReference section */

/* Begin PBXFrameworksBuildPhase section */
		3701B41519BF1D97004F1955 /* Frameworks */ = {
			isa = PBXFrameworksBuildPhase;
			buildActionMask = 2147483647;
			files = (
				3706B4F819CE853B000647FA /* QuartzCore.framework in Frameworks */,
				3701B41E19BF1D97004F1955 /* CoreGraphics.framework in Frameworks */,
				3701B42019BF1D97004F1955 /* UIKit.framework in Frameworks */,
				3701B41C19BF1D97004F1955 /* Foundation.framework in Frameworks */,
			);
			runOnlyForDeploymentPostprocessing = 0;
		};
		3701B43619BF1D97004F1955 /* Frameworks */ = {
			isa = PBXFrameworksBuildPhase;
			buildActionMask = 2147483647;
			files = (
				3701B43B19BF1D97004F1955 /* XCTest.framework in Frameworks */,
				3701B43D19BF1D97004F1955 /* UIKit.framework in Frameworks */,
				3701B43C19BF1D97004F1955 /* Foundation.framework in Frameworks */,
			);
			runOnlyForDeploymentPostprocessing = 0;
		};
/* End PBXFrameworksBuildPhase section */

/* Begin PBXGroup section */
		3701B40F19BF1D97004F1955 = {
			isa = PBXGroup;
			children = (
				3701B42119BF1D97004F1955 /* kjfh */,
				3701B44019BF1D97004F1955 /* kjfhTests */,
				3701B41A19BF1D97004F1955 /* Frameworks */,
				3701B41919BF1D97004F1955 /* Products */,
			);
			sourceTree = "<group>";
		};
		3701B41919BF1D97004F1955 /* Products */ = {
			isa = PBXGroup;
			children = (
				3701B41819BF1D97004F1955 /* kjfh.app */,
				3701B43919BF1D97004F1955 /* kjfhTests.xctest */,
			);
			name = Products;
			sourceTree = "<group>";
		};
		3701B41A19BF1D97004F1955 /* Frameworks */ = {
			isa = PBXGroup;
			children = (
				3706B4F719CE853B000647FA /* QuartzCore.framework */,
				3707100D19CB1BAE00D8CD7B /* CoreImage.framework */,
				3701B41B19BF1D97004F1955 /* Foundation.framework */,
				3701B41D19BF1D97004F1955 /* CoreGraphics.framework */,
				3701B41F19BF1D97004F1955 /* UIKit.framework */,
				3701B43A19BF1D97004F1955 /* XCTest.framework */,
			);
			name = Frameworks;
			sourceTree = "<group>";
		};
		3701B42119BF1D97004F1955 /* kjfh */ = {
			isa = PBXGroup;
			children = (
				376652FD19BF26250038419C /* Resource */,
				376652DE19BF22490038419C /* Application */,
				376652E319BF22490038419C /* Fav */,
				376652E819BF22490038419C /* Home */,
				376652ED19BF22490038419C /* Setting */,
				376652CD19BF217C0038419C /* Others */,
				376652CF19BF217C0038419C /* ThirdPart */,
				3701B42A19BF1D97004F1955 /* AppDelegate.h */,
				3701B42B19BF1D97004F1955 /* AppDelegate.m */,
				3701B43319BF1D97004F1955 /* Images.xcassets */,
				3701B42219BF1D97004F1955 /* Supporting Files */,
			);
			path = kjfh;
			sourceTree = "<group>";
		};
		3701B42219BF1D97004F1955 /* Supporting Files */ = {
			isa = PBXGroup;
			children = (
				3701B42319BF1D97004F1955 /* kjfh-Info.plist */,
				3701B42419BF1D97004F1955 /* InfoPlist.strings */,
				3701B42719BF1D97004F1955 /* main.m */,
				3701B42919BF1D97004F1955 /* kjfh-Prefix.pch */,
			);
			name = "Supporting Files";
			sourceTree = "<group>";
		};
		3701B44019BF1D97004F1955 /* kjfhTests */ = {
			isa = PBXGroup;
			children = (
				3701B44619BF1D97004F1955 /* kjfhTests.m */,
				3701B44119BF1D97004F1955 /* Supporting Files */,
			);
			path = kjfhTests;
			sourceTree = "<group>";
		};
		3701B44119BF1D97004F1955 /* Supporting Files */ = {
			isa = PBXGroup;
			children = (
				3701B44219BF1D97004F1955 /* kjfhTests-Info.plist */,
				3701B44319BF1D97004F1955 /* InfoPlist.strings */,
			);
			name = "Supporting Files";
			sourceTree = "<group>";
		};
		3706B4D619CE8501000647FA /* Masonry */ = {
			isa = PBXGroup;
			children = (
				3706B4D719CE8501000647FA /* MASCompositeConstraint.h */,
				3706B4D819CE8501000647FA /* MASCompositeConstraint.m */,
				3706B4D919CE8501000647FA /* MASConstraint+Private.h */,
				3706B4DA19CE8501000647FA /* MASConstraint.h */,
				3706B4DB19CE8501000647FA /* MASConstraint.m */,
				3706B4DC19CE8501000647FA /* MASConstraintMaker.h */,
				3706B4DD19CE8501000647FA /* MASConstraintMaker.m */,
				3706B4DE19CE8501000647FA /* MASLayoutConstraint.h */,
				3706B4DF19CE8501000647FA /* MASLayoutConstraint.m */,
				3706B4E019CE8501000647FA /* Masonry.h */,
				3706B4E119CE8501000647FA /* MASUtilities.h */,
				3706B4E219CE8501000647FA /* MASViewAttribute.h */,
				3706B4E319CE8501000647FA /* MASViewAttribute.m */,
				3706B4E419CE8501000647FA /* MASViewConstraint.h */,
				3706B4E519CE8501000647FA /* MASViewConstraint.m */,
				3706B4E619CE8501000647FA /* NSArray+MASAdditions.h */,
				3706B4E719CE8501000647FA /* NSArray+MASAdditions.m */,
				3706B4E819CE8501000647FA /* NSArray+MASShorthandAdditions.h */,
				3706B4E919CE8501000647FA /* NSLayoutConstraint+MASDebugAdditions.h */,
				3706B4EA19CE8501000647FA /* NSLayoutConstraint+MASDebugAdditions.m */,
				3706B4EB19CE8501000647FA /* View+MASAdditions.h */,
				3706B4EC19CE8501000647FA /* View+MASAdditions.m */,
				3706B4ED19CE8501000647FA /* View+MASShorthandAdditions.h */,
			);
			path = Masonry;
			sourceTree = "<group>";
		};
		376652CD19BF217C0038419C /* Others */ = {
			isa = PBXGroup;
			children = (
				376652F519BF227F0038419C /* Controllers */,
				376652F619BF227F0038419C /* Models */,
				376652F719BF227F0038419C /* Other */,
				376652F919BF227F0038419C /* Views */,
			);
			path = Others;
			sourceTree = "<group>";
		};
		376652CF19BF217C0038419C /* ThirdPart */ = {
			isa = PBXGroup;
			children = (
				3706B4D619CE8501000647FA /* Masonry */,
				376652D019BF217C0038419C /* MMDrawerController */,
			);
			path = ThirdPart;
			sourceTree = "<group>";
		};
		376652D019BF217C0038419C /* MMDrawerController */ = {
			isa = PBXGroup;
			children = (
				376652D119BF217C0038419C /* MMDrawerBarButtonItem.h */,
				376652D219BF217C0038419C /* MMDrawerBarButtonItem.m */,
				376652D319BF217C0038419C /* MMDrawerController+Subclass.h */,
				376652D419BF217C0038419C /* MMDrawerController.h */,
				376652D519BF217C0038419C /* MMDrawerController.m */,
				376652D619BF217C0038419C /* MMDrawerVisualState.h */,
				376652D719BF217C0038419C /* MMDrawerVisualState.m */,
				376652D819BF217C0038419C /* UIViewController+MMDrawerController.h */,
				376652D919BF217C0038419C /* UIViewController+MMDrawerController.m */,
			);
			path = MMDrawerController;
			sourceTree = "<group>";
		};
		376652DE19BF22490038419C /* Application */ = {
			isa = PBXGroup;
			children = (
				376652DF19BF22490038419C /* Controllers */,
				376652E019BF22490038419C /* Models */,
				376652E119BF22490038419C /* Other */,
				376652E219BF22490038419C /* Views */,
			);
			path = Application;
			sourceTree = "<group>";
		};
		376652DF19BF22490038419C /* Controllers */ = {
			isa = PBXGroup;
			children = (
				3766537419BF38FC0038419C /* TuijianViewController.h */,
				3766537519BF38FC0038419C /* TuijianViewController.m */,
			);
			path = Controllers;
			sourceTree = "<group>";
		};
		376652E019BF22490038419C /* Models */ = {
			isa = PBXGroup;
			children = (
			);
			path = Models;
			sourceTree = "<group>";
		};
		376652E119BF22490038419C /* Other */ = {
			isa = PBXGroup;
			children = (
			);
			path = Other;
			sourceTree = "<group>";
		};
		376652E219BF22490038419C /* Views */ = {
			isa = PBXGroup;
			children = (
			);
			path = Views;
			sourceTree = "<group>";
		};
		376652E319BF22490038419C /* Fav */ = {
			isa = PBXGroup;
			children = (
				376652E419BF22490038419C /* Controllers */,
				376652E519BF22490038419C /* Models */,
				376652E619BF22490038419C /* Other */,
				376652E719BF22490038419C /* Views */,
			);
			path = Fav;
			sourceTree = "<group>";
		};
		376652E419BF22490038419C /* Controllers */ = {
			isa = PBXGroup;
			children = (
				3766536E19BF38D60038419C /* FavrateViewController.h */,
				3766536F19BF38D60038419C /* FavrateViewController.m */,
			);
			path = Controllers;
			sourceTree = "<group>";
		};
		376652E519BF22490038419C /* Models */ = {
			isa = PBXGroup;
			children = (
			);
			path = Models;
			sourceTree = "<group>";
		};
		376652E619BF22490038419C /* Other */ = {
			isa = PBXGroup;
			children = (
			);
			path = Other;
			sourceTree = "<group>";
		};
		376652E719BF22490038419C /* Views */ = {
			isa = PBXGroup;
			children = (
			);
			path = Views;
			sourceTree = "<group>";
		};
		376652E819BF22490038419C /* Home */ = {
			isa = PBXGroup;
			children = (
				376652E919BF22490038419C /* Controllers */,
				376652EA19BF22490038419C /* Models */,
				376652EB19BF22490038419C /* Other */,
				376652EC19BF22490038419C /* Views */,
			);
			path = Home;
			sourceTree = "<group>";
		};
		376652E919BF22490038419C /* Controllers */ = {
			isa = PBXGroup;
			children = (
				376652F219BF225C0038419C /* HomeViewController.h */,
				376652F319BF225C0038419C /* HomeViewController.m */,
			);
			path = Controllers;
			sourceTree = "<group>";
		};
		376652EA19BF22490038419C /* Models */ = {
			isa = PBXGroup;
			children = (
			);
			path = Models;
			sourceTree = "<group>";
		};
		376652EB19BF22490038419C /* Other */ = {
			isa = PBXGroup;
			children = (
			);
			path = Other;
			sourceTree = "<group>";
		};
		376652EC19BF22490038419C /* Views */ = {
			isa = PBXGroup;
			children = (
			);
			path = Views;
			sourceTree = "<group>";
		};
		376652ED19BF22490038419C /* Setting */ = {
			isa = PBXGroup;
			children = (
				376652EE19BF22490038419C /* Controllers */,
				376652EF19BF22490038419C /* Models */,
				376652F019BF22490038419C /* Other */,
				376652F119BF22490038419C /* Views */,
			);
			path = Setting;
			sourceTree = "<group>";
		};
		376652EE19BF22490038419C /* Controllers */ = {
			isa = PBXGroup;
			children = (
				3766537119BF38E50038419C /* SetViewController.h */,
				3766537219BF38E50038419C /* SetViewController.m */,
			);
			path = Controllers;
			sourceTree = "<group>";
		};
		376652EF19BF22490038419C /* Models */ = {
			isa = PBXGroup;
			children = (
			);
			path = Models;
			sourceTree = "<group>";
		};
		376652F019BF22490038419C /* Other */ = {
			isa = PBXGroup;
			children = (
			);
			path = Other;
			sourceTree = "<group>";
		};
		376652F119BF22490038419C /* Views */ = {
			isa = PBXGroup;
			children = (
			);
			path = Views;
			sourceTree = "<group>";
		};
		376652F519BF227F0038419C /* Controllers */ = {
			isa = PBXGroup;
			children = (
				376652FA19BF22860038419C /* LeftViewController.h */,
				376652FB19BF22860038419C /* LeftViewController.m */,
			);
			path = Controllers;
			sourceTree = "<group>";
		};
		376652F619BF227F0038419C /* Models */ = {
			isa = PBXGroup;
			children = (
			);
			path = Models;
			sourceTree = "<group>";
		};
		376652F719BF227F0038419C /* Other */ = {
			isa = PBXGroup;
			children = (
				3707100F19CB1CCF00D8CD7B /* UIImage+XCarExtend.h */,
				3707101019CB1CCF00D8CD7B /* UIImage+XCarExtend.m */,
				376652F819BF227F0038419C /* Comment.h */,
			);
			path = Other;
			sourceTree = "<group>";
		};
		376652F919BF227F0038419C /* Views */ = {
			isa = PBXGroup;
			children = (
				3766536B19BF2A4F0038419C /* LeftViewCell.h */,
				3766536C19BF2A4F0038419C /* LeftViewCell.m */,
			);
			path = Views;
			sourceTree = "<group>";
		};
		376652FD19BF26250038419C /* Resource */ = {
			isa = PBXGroup;
			children = (
				376652FE19BF26250038419C /* Images */,
			);
			path = Resource;
			sourceTree = "<group>";
		};
		376652FE19BF26250038419C /* Images */ = {
			isa = PBXGroup;
			children = (
				376652FF19BF262F0038419C /* +号.png */,
				3766530019BF262F0038419C /* 对号.png */,
				3766530119BF262F0038419C /* 发送.png */,
				3766530219BF262F0038419C /* 发展动态.png */,
				3766530319BF262F0038419C /* 返回.png */,
				3766530419BF262F0038419C /* 返回白色.png */,
				3766530519BF262F0038419C /* 分享.png */,
				3766530619BF262F0038419C /* 分享按钮.png */,
				3766530719BF262F0038419C /* 服务.png */,
				3766530819BF262F0038419C /* 更多平台.png */,
				3766530919BF262F0038419C /* 红色.png */,
				3766530A19BF262F0038419C /* 黄色.png */,
				3766530B19BF262F0038419C /* 角标.png */,
				3766530C19BF262F0038419C /* 金融服务.png */,
				3766530D19BF262F0038419C /* 流程.png */,
				3766530E19BF262F0038419C /* 绿色.png */,
				3766530F19BF262F0038419C /* 启动页.jpg */,
				3766531019BF262F0038419C /* set@2x.png */,
				3766531119BF262F0038419C /* set_btn@2x.png */,
				3766531219BF262F0038419C /* 设置背景.9.png */,
				3766531319BF262F0038419C /* fav@2x.png */,
				3766531419BF262F0038419C /* 收藏白色.png */,
				3766531519BF262F0038419C /* 收藏内文.png */,
				3766531619BF262F0038419C /* home@2x.png */,
				3766531719BF262F0038419C /* 首页layout_03.jpg */,
				3766531819BF262F0038419C /* 书架1PX.png */,
				3766531919BF262F0038419C /* 图片icon.png */,
				3766531A19BF262F0038419C /* 微信.png */,
				3766531B19BF262F0038419C /* 写给你_02.jpg */,
				3766531C19BF262F0038419C /* 新浪微博.png */,
				3766531D19BF262F0038419C /* 新闻背景.9.png */,
				3766531E19BF262F0038419C /* 新闻icon.png */,
				3766531F19BF262F0038419C /* 意见反馈.png */,
				3766532019BF262F0038419C /* 印象笔记.png */,
				3766532119BF262F0038419C /* application@2x.png */,
				3766532219BF262F0038419C /* 邮箱.png */,
				3766532319BF262F0038419C /* 政策.png */,
				3766532419BF262F0038419C /* 指南.png */,
				3766532519BF262F0038419C /* 重点企业.9.png */,
				3766532619BF262F0038419C /* qiye@2x.png */,
				3766532719BF262F0038419C /* 资金申请.png */,
				3766532819BF262F0038419C /* 紫色.png */,
				3766532919BF262F0038419C /* hot.png */,
				3766532A19BF262F0038419C /* NEWS_03.jpg */,
				3766532B19BF262F0038419C /* NEWS_06.jpg */,
				3766532C19BF262F0038419C /* NEWS_08.jpg */,
				3766532D19BF262F0038419C /* part.png */,
				3766532E19BF262F0038419C /* part红色.png */,
				3766532F19BF262F0038419C /* part黄色.png */,
				3766533019BF262F0038419C /* part绿色.png */,
				3766533119BF262F0038419C /* part紫色.png */,
				3766533219BF262F0038419C /* qq.png */,
				3766533319BF262F0038419C /* zhanwei.png */,
				3766533419BF262F0038419C /* zhanweifu.png */,
			);
			path = Images;
			sourceTree = "<group>";
		};
/* End PBXGroup section */

/* Begin PBXNativeTarget section */
		3701B41719BF1D97004F1955 /* kjfh */ = {
			isa = PBXNativeTarget;
			buildConfigurationList = 3701B44A19BF1D97004F1955 /* Build configuration list for PBXNativeTarget "kjfh" */;
			buildPhases = (
				3701B41419BF1D97004F1955 /* Sources */,
				3701B41519BF1D97004F1955 /* Frameworks */,
				3701B41619BF1D97004F1955 /* Resources */,
			);
			buildRules = (
			);
			dependencies = (
			);
			name = kjfh;
			productName = kjfh;
			productReference = 3701B41819BF1D97004F1955 /* kjfh.app */;
			productType = "com.apple.product-type.application";
		};
		3701B43819BF1D97004F1955 /* kjfhTests */ = {
			isa = PBXNativeTarget;
			buildConfigurationList = 3701B44D19BF1D97004F1955 /* Build configuration list for PBXNativeTarget "kjfhTests" */;
			buildPhases = (
				3701B43519BF1D97004F1955 /* Sources */,
				3701B43619BF1D97004F1955 /* Frameworks */,
				3701B43719BF1D97004F1955 /* Resources */,
			);
			buildRules = (
			);
			dependencies = (
				3701B43F19BF1D97004F1955 /* PBXTargetDependency */,
			);
			name = kjfhTests;
			productName = kjfhTests;
			productReference = 3701B43919BF1D97004F1955 /* kjfhTests.xctest */;
			productType = "com.apple.product-type.bundle.unit-test";
		};
/* End PBXNativeTarget section */

/* Begin PBXProject section */
		3701B41019BF1D97004F1955 /* Project object */ = {
			isa = PBXProject;
			attributes = {
				LastUpgradeCheck = 0510;
				ORGANIZATIONNAME = "自由开发者";
				TargetAttributes = {
					3701B43819BF1D97004F1955 = {
						TestTargetID = 3701B41719BF1D97004F1955;
					};
				};
			};
			buildConfigurationList = 3701B41319BF1D97004F1955 /* Build configuration list for PBXProject "kjfh" */;
			compatibilityVersion = "Xcode 3.2";
			developmentRegion = English;
			hasScannedForEncodings = 0;
			knownRegions = (
				en,
				Base,
			);
			mainGroup = 3701B40F19BF1D97004F1955;
			productRefGroup = 3701B41919BF1D97004F1955 /* Products */;
			projectDirPath = "";
			projectRoot = "";
			targets = (
				3701B41719BF1D97004F1955 /* kjfh */,
				3701B43819BF1D97004F1955 /* kjfhTests */,
			);
		};
/* End PBXProject section */

/* Begin PBXResourcesBuildPhase section */
		3701B41619BF1D97004F1955 /* Resources */ = {
			isa = PBXResourcesBuildPhase;
			buildActionMask = 2147483647;
			files = (
				3766534C19BF262F0038419C /* home@2x.png in Resources */,
				3766534319BF262F0038419C /* 流程.png in Resources */,
				3766533F19BF262F0038419C /* 红色.png in Resources */,
				3766535419BF262F0038419C /* 新闻icon.png in Resources */,
				3766533719BF262F0038419C /* 发送.png in Resources */,
				3766535519BF262F0038419C /* 意见反馈.png in Resources */,
				3701B43419BF1D97004F1955 /* Images.xcassets in Resources */,
				3766534B19BF262F0038419C /* 收藏内文.png in Resources */,
				3766533919BF262F0038419C /* 返回.png in Resources */,
				3766534619BF262F0038419C /* set@2x.png in Resources */,
				3766536419BF262F0038419C /* part红色.png in Resources */,
				3766533C19BF262F0038419C /* 分享按钮.png in Resources */,
				3766535719BF262F0038419C /* application@2x.png in Resources */,
				3766535319BF262F0038419C /* 新闻背景.9.png in Resources */,
				3766535919BF262F0038419C /* 政策.png in Resources */,
				3766536719BF262F0038419C /* part紫色.png in Resources */,
				3766533819BF262F0038419C /* 发展动态.png in Resources */,
				3766535A19BF262F0038419C /* 指南.png in Resources */,
				3766535B19BF262F0038419C /* 重点企业.9.png in Resources */,
				3766533A19BF262F0038419C /* 返回白色.png in Resources */,
				3766534219BF262F0038419C /* 金融服务.png in Resources */,
				3766533619BF262F0038419C /* 对号.png in Resources */,
				3766533D19BF262F0038419C /* 服务.png in Resources */,
				3766534519BF262F0038419C /* 启动页.jpg in Resources */,
				3766534019BF262F0038419C /* 黄色.png in Resources */,
				3766536A19BF262F0038419C /* zhanweifu.png in Resources */,
				3766534119BF262F0038419C /* 角标.png in Resources */,
				3766535C19BF262F0038419C /* qiye@2x.png in Resources */,
				3766534A19BF262F0038419C /* 收藏白色.png in Resources */,
				3766535819BF262F0038419C /* 邮箱.png in Resources */,
				3766535F19BF262F0038419C /* hot.png in Resources */,
				3766536119BF262F0038419C /* NEWS_06.jpg in Resources */,
				3766534D19BF262F0038419C /* 首页layout_03.jpg in Resources */,
				3766536219BF262F0038419C /* NEWS_08.jpg in Resources */,
				3766536919BF262F0038419C /* zhanwei.png in Resources */,
				3766534819BF262F0038419C /* 设置背景.9.png in Resources */,
				3766535019BF262F0038419C /* 微信.png in Resources */,
				3766535619BF262F0038419C /* 印象笔记.png in Resources */,
				3766536519BF262F0038419C /* part黄色.png in Resources */,
				3766534719BF262F0038419C /* set_btn@2x.png in Resources */,
				3766533E19BF262F0038419C /* 更多平台.png in Resources */,
				3766535119BF262F0038419C /* 写给你_02.jpg in Resources */,
				3766534419BF262F0038419C /* 绿色.png in Resources */,
				3766533B19BF262F0038419C /* 分享.png in Resources */,
				3766536619BF262F0038419C /* part绿色.png in Resources */,
				3766536819BF262F0038419C /* qq.png in Resources */,
				3766536319BF262F0038419C /* part.png in Resources */,
				3766534919BF262F0038419C /* fav@2x.png in Resources */,
				3766534E19BF262F0038419C /* 书架1PX.png in Resources */,
				3766535E19BF262F0038419C /* 紫色.png in Resources */,
				3701B42619BF1D97004F1955 /* InfoPlist.strings in Resources */,
				3766535D19BF262F0038419C /* 资金申请.png in Resources */,
				3766535219BF262F0038419C /* 新浪微博.png in Resources */,
				3766536019BF262F0038419C /* NEWS_03.jpg in Resources */,
				3766533519BF262F0038419C /* +号.png in Resources */,
				3766534F19BF262F0038419C /* 图片icon.png in Resources */,
			);
			runOnlyForDeploymentPostprocessing = 0;
		};
		3701B43719BF1D97004F1955 /* Resources */ = {
			isa = PBXResourcesBuildPhase;
			buildActionMask = 2147483647;
			files = (
				3701B44519BF1D97004F1955 /* InfoPlist.strings in Resources */,
			);
			runOnlyForDeploymentPostprocessing = 0;
		};
/* End PBXResourcesBuildPhase section */

/* Begin PBXSourcesBuildPhase section */
		3701B41419BF1D97004F1955 /* Sources */ = {
			isa = PBXSourcesBuildPhase;
			buildActionMask = 2147483647;
			files = (
				376652DC19BF217C0038419C /* MMDrawerVisualState.m in Sources */,
				3766536D19BF2A4F0038419C /* LeftViewCell.m in Sources */,
				3706B4F519CE8501000647FA /* NSLayoutConstraint+MASDebugAdditions.m in Sources */,
				376652FC19BF22860038419C /* LeftViewController.m in Sources */,
				3706B4F319CE8501000647FA /* MASViewConstraint.m in Sources */,
				3701B42C19BF1D97004F1955 /* AppDelegate.m in Sources */,
				3706B4F619CE8501000647FA /* View+MASAdditions.m in Sources */,
				376652DA19BF217C0038419C /* MMDrawerBarButtonItem.m in Sources */,
				3706B4F219CE8501000647FA /* MASViewAttribute.m in Sources */,
				3706B4F019CE8501000647FA /* MASConstraintMaker.m in Sources */,
				3766537619BF38FC0038419C /* TuijianViewController.m in Sources */,
				376652DD19BF217C0038419C /* UIViewController+MMDrawerController.m in Sources */,
				376652DB19BF217C0038419C /* MMDrawerController.m in Sources */,
				376652F419BF225C0038419C /* HomeViewController.m in Sources */,
				3706B4F419CE8501000647FA /* NSArray+MASAdditions.m in Sources */,
				3766537319BF38E50038419C /* SetViewController.m in Sources */,
				3706B4F119CE8501000647FA /* MASLayoutConstraint.m in Sources */,
				3706B4EE19CE8501000647FA /* MASCompositeConstraint.m in Sources */,
				3707101119CB1CCF00D8CD7B /* UIImage+XCarExtend.m in Sources */,
				3766537019BF38D60038419C /* FavrateViewController.m in Sources */,
				3701B42819BF1D97004F1955 /* main.m in Sources */,
				3706B4EF19CE8501000647FA /* MASConstraint.m in Sources */,
			);
			runOnlyForDeploymentPostprocessing = 0;
		};
		3701B43519BF1D97004F1955 /* Sources */ = {
			isa = PBXSourcesBuildPhase;
			buildActionMask = 2147483647;
			files = (
				3701B44719BF1D97004F1955 /* kjfhTests.m in Sources */,
			);
			runOnlyForDeploymentPostprocessing = 0;
		};
/* End PBXSourcesBuildPhase section */

/* Begin PBXTargetDependency section */
		3701B43F19BF1D97004F1955 /* PBXTargetDependency */ = {
			isa = PBXTargetDependency;
			target = 3701B41719BF1D97004F1955 /* kjfh */;
			targetProxy = 3701B43E19BF1D97004F1955 /* PBXContainerItemProxy */;
		};
/* End PBXTargetDependency section */

/* Begin PBXVariantGroup section */
		3701B42419BF1D97004F1955 /* InfoPlist.strings */ = {
			isa = PBXVariantGroup;
			children = (
				3701B42519BF1D97004F1955 /* en */,
			);
			name = InfoPlist.strings;
			sourceTree = "<group>";
		};
		3701B44319BF1D97004F1955 /* InfoPlist.strings */ = {
			isa = PBXVariantGroup;
			children = (
				3701B44419BF1D97004F1955 /* en */,
			);
			name = InfoPlist.strings;
			sourceTree = "<group>";
		};
/* End PBXVariantGroup section */

/* Begin XCBuildConfiguration section */
		3701B44819BF1D97004F1955 /* Debug */ = {
			isa = XCBuildConfiguration;
			buildSettings = {
				ALWAYS_SEARCH_USER_PATHS = NO;
				CLANG_CXX_LANGUAGE_STANDARD = "gnu++0x";
				CLANG_CXX_LIBRARY = "libc++";
				CLANG_ENABLE_MODULES = YES;
				CLANG_ENABLE_OBJC_ARC = YES;
				CLANG_WARN_BOOL_CONVERSION = YES;
				CLANG_WARN_CONSTANT_CONVERSION = YES;
				CLANG_WARN_DIRECT_OBJC_ISA_USAGE = YES_ERROR;
				CLANG_WARN_EMPTY_BODY = YES;
				CLANG_WARN_ENUM_CONVERSION = YES;
				CLANG_WARN_INT_CONVERSION = YES;
				CLANG_WARN_OBJC_ROOT_CLASS = YES_ERROR;
				CLANG_WARN__DUPLICATE_METHOD_MATCH = YES;
				"CODE_SIGN_IDENTITY[sdk=iphoneos*]" = "iPhone Developer";
				COPY_PHASE_STRIP = NO;
				GCC_C_LANGUAGE_STANDARD = gnu99;
				GCC_DYNAMIC_NO_PIC = NO;
				GCC_OPTIMIZATION_LEVEL = 0;
				GCC_PREPROCESSOR_DEFINITIONS = (
					"DEBUG=1",
					"$(inherited)",
				);
				GCC_SYMBOLS_PRIVATE_EXTERN = NO;
				GCC_WARN_64_TO_32_BIT_CONVERSION = YES;
				GCC_WARN_ABOUT_RETURN_TYPE = YES_ERROR;
				GCC_WARN_UNDECLARED_SELECTOR = YES;
				GCC_WARN_UNINITIALIZED_AUTOS = YES_AGGRESSIVE;
				GCC_WARN_UNUSED_FUNCTION = YES;
				GCC_WARN_UNUSED_VARIABLE = YES;
				IPHONEOS_DEPLOYMENT_TARGET = 7.1;
				ONLY_ACTIVE_ARCH = YES;
				SDKROOT = iphoneos;
			};
			name = Debug;
		};
		3701B44919BF1D97004F1955 /* Release */ = {
			isa = XCBuildConfiguration;
			buildSettings = {
				ALWAYS_SEARCH_USER_PATHS = NO;
				CLANG_CXX_LANGUAGE_STANDARD = "gnu++0x";
				CLANG_CXX_LIBRARY = "libc++";
				CLANG_ENABLE_MODULES = YES;
				CLANG_ENABLE_OBJC_ARC = YES;
				CLANG_WARN_BOOL_CONVERSION = YES;
				CLANG_WARN_CONSTANT_CONVERSION = YES;
				CLANG_WARN_DIRECT_OBJC_ISA_USAGE = YES_ERROR;
				CLANG_WARN_EMPTY_BODY = YES;
				CLANG_WARN_ENUM_CONVERSION = YES;
				CLANG_WARN_INT_CONVERSION = YES;
				CLANG_WARN_OBJC_ROOT_CLASS = YES_ERROR;
				CLANG_WARN__DUPLICATE_METHOD_MATCH = YES;
				"CODE_SIGN_IDENTITY[sdk=iphoneos*]" = "iPhone Developer";
				COPY_PHASE_STRIP = YES;
				ENABLE_NS_ASSERTIONS = NO;
				GCC_C_LANGUAGE_STANDARD = gnu99;
				GCC_WARN_64_TO_32_BIT_CONVERSION = YES;
				GCC_WARN_ABOUT_RETURN_TYPE = YES_ERROR;
				GCC_WARN_UNDECLARED_SELECTOR = YES;
				GCC_WARN_UNINITIALIZED_AUTOS = YES_AGGRESSIVE;
				GCC_WARN_UNUSED_FUNCTION = YES;
				GCC_WARN_UNUSED_VARIABLE = YES;
				IPHONEOS_DEPLOYMENT_TARGET = 7.1;
				SDKROOT = iphoneos;
				VALIDATE_PRODUCT = YES;
			};
			name = Release;
		};
		3701B44B19BF1D97004F1955 /* Debug */ = {
			isa = XCBuildConfiguration;
			buildSettings = {
				ASSETCATALOG_COMPILER_APPICON_NAME = AppIcon;
				ASSETCATALOG_COMPILER_LAUNCHIMAGE_NAME = LaunchImage;
				GCC_PRECOMPILE_PREFIX_HEADER = YES;
				GCC_PREFIX_HEADER = "kjfh/kjfh-Prefix.pch";
				INFOPLIST_FILE = "kjfh/kjfh-Info.plist";
				IPHONEOS_DEPLOYMENT_TARGET = 5.0;
				PRODUCT_NAME = "$(TARGET_NAME)";
				WRAPPER_EXTENSION = app;
			};
			name = Debug;
		};
		3701B44C19BF1D97004F1955 /* Release */ = {
			isa = XCBuildConfiguration;
			buildSettings = {
				ASSETCATALOG_COMPILER_APPICON_NAME = AppIcon;
				ASSETCATALOG_COMPILER_LAUNCHIMAGE_NAME = LaunchImage;
				GCC_PRECOMPILE_PREFIX_HEADER = YES;
				GCC_PREFIX_HEADER = "kjfh/kjfh-Prefix.pch";
				INFOPLIST_FILE = "kjfh/kjfh-Info.plist";
				IPHONEOS_DEPLOYMENT_TARGET = 5.0;
				PRODUCT_NAME = "$(TARGET_NAME)";
				WRAPPER_EXTENSION = app;
			};
			name = Release;
		};
		3701B44E19BF1D97004F1955 /* Debug */ = {
			isa = XCBuildConfiguration;
			buildSettings = {
				BUNDLE_LOADER = "$(BUILT_PRODUCTS_DIR)/kjfh.app/kjfh";
				FRAMEWORK_SEARCH_PATHS = (
					"$(SDKROOT)/Developer/Library/Frameworks",
					"$(inherited)",
					"$(DEVELOPER_FRAMEWORKS_DIR)",
				);
				GCC_PRECOMPILE_PREFIX_HEADER = YES;
				GCC_PREFIX_HEADER = "kjfh/kjfh-Prefix.pch";
				GCC_PREPROCESSOR_DEFINITIONS = (
					"DEBUG=1",
					"$(inherited)",
				);
				INFOPLIST_FILE = "kjfhTests/kjfhTests-Info.plist";
				PRODUCT_NAME = "$(TARGET_NAME)";
				TEST_HOST = "$(BUNDLE_LOADER)";
				WRAPPER_EXTENSION = xctest;
			};
			name = Debug;
		};
		3701B44F19BF1D97004F1955 /* Release */ = {
			isa = XCBuildConfiguration;
			buildSettings = {
				BUNDLE_LOADER = "$(BUILT_PRODUCTS_DIR)/kjfh.app/kjfh";
				FRAMEWORK_SEARCH_PATHS = (
					"$(SDKROOT)/Developer/Library/Frameworks",
					"$(inherited)",
					"$(DEVELOPER_FRAMEWORKS_DIR)",
				);
				GCC_PRECOMPILE_PREFIX_HEADER = YES;
				GCC_PREFIX_HEADER = "kjfh/kjfh-Prefix.pch";
				INFOPLIST_FILE = "kjfhTests/kjfhTests-Info.plist";
				PRODUCT_NAME = "$(TARGET_NAME)";
				TEST_HOST = "$(BUNDLE_LOADER)";
				WRAPPER_EXTENSION = xctest;
			};
			name = Release;
		};
/* End XCBuildConfiguration section */

/* Begin XCConfigurationList section */
		3701B41319BF1D97004F1955 /* Build configuration list for PBXProject "kjfh" */ = {
			isa = XCConfigurationList;
			buildConfigurations = (
				3701B44819BF1D97004F1955 /* Debug */,
				3701B44919BF1D97004F1955 /* Release */,
			);
			defaultConfigurationIsVisible = 0;
			defaultConfigurationName = Release;
		};
		3701B44A19BF1D97004F1955 /* Build configuration list for PBXNativeTarget "kjfh" */ = {
			isa = XCConfigurationList;
			buildConfigurations = (
				3701B44B19BF1D97004F1955 /* Debug */,
				3701B44C19BF1D97004F1955 /* Release */,
			);
			defaultConfigurationIsVisible = 0;
			defaultConfigurationName = Release;
		};
		3701B44D19BF1D97004F1955 /* Build configuration list for PBXNativeTarget "kjfhTests" */ = {
			isa = XCConfigurationList;
			buildConfigurations = (
				3701B44E19BF1D97004F1955 /* Debug */,
				3701B44F19BF1D97004F1955 /* Release */,
			);
			defaultConfigurationIsVisible = 0;
			defaultConfigurationName = Release;
		};
/* End XCConfigurationList section */
	};
	rootObject = 3701B41019BF1D97004F1955 /* Project object */;
}
